// !$*UTF8*$!
{
	archiveVersion = 1;
	classes = {
	};
	objectVersion = 56;
	objects = {

/* Begin PBXBuildFile section */
		AE26C7AC291C3BE6008F5846 /* MusicReadingV2App.swift in Sources */ = {isa = PBXBuildFile; fileRef = AE26C7AB291C3BE6008F5846 /* MusicReadingV2App.swift */; };
		AE26C7AE291C3BE6008F5846 /* ContentView.swift in Sources */ = {isa = PBXBuildFile; fileRef = AE26C7AD291C3BE6008F5846 /* ContentView.swift */; };
		AE26C7B0291C3BE6008F5846 /* Assets.xcassets in Resources */ = {isa = PBXBuildFile; fileRef = AE26C7AF291C3BE6008F5846 /* Assets.xcassets */; };
		AE26C7B4291C3BE6008F5846 /* Preview Assets.xcassets in Resources */ = {isa = PBXBuildFile; fileRef = AE26C7B3291C3BE6008F5846 /* Preview Assets.xcassets */; };
		AE26C7BE291C3BE7008F5846 /* MusicReadingV2Tests.swift in Sources */ = {isa = PBXBuildFile; fileRef = AE26C7BD291C3BE7008F5846 /* MusicReadingV2Tests.swift */; };
		AE26C7C8291C3BE7008F5846 /* MusicReadingV2UITests.swift in Sources */ = {isa = PBXBuildFile; fileRef = AE26C7C7291C3BE7008F5846 /* MusicReadingV2UITests.swift */; };
		AE26C7CA291C3BE7008F5846 /* MusicReadingV2UITestsLaunchTests.swift in Sources */ = {isa = PBXBuildFile; fileRef = AE26C7C9291C3BE7008F5846 /* MusicReadingV2UITestsLaunchTests.swift */; };
/* End PBXBuildFile section */

/* Begin PBXContainerItemProxy section */
		AE26C7BA291C3BE7008F5846 /* PBXContainerItemProxy */ = {
			isa = PBXContainerItemProxy;
			containerPortal = AE26C7A0291C3BE6008F5846 /* Project object */;
			proxyType = 1;
			remoteGlobalIDString = AE26C7A7291C3BE6008F5846;
			remoteInfo = MusicReadingV2;
		};
		AE26C7C4291C3BE7008F5846 /* PBXContainerItemProxy */ = {
			isa = PBXContainerItemProxy;
			containerPortal = AE26C7A0291C3BE6008F5846 /* Project object */;
			proxyType = 1;
			remoteGlobalIDString = AE26C7A7291C3BE6008F5846;
			remoteInfo = MusicReadingV2;
		};
/* End PBXContainerItemProxy section */

/* Begin PBXFileReference section */
		AE26C7A8291C3BE6008F5846 /* MusicReadingV2.app */ = {isa = PBXFileReference; explicitFileType = wrapper.application; includeInIndex = 0; path = MusicReadingV2.app; sourceTree = BUILT_PRODUCTS_DIR; };
		AE26C7AB291C3BE6008F5846 /* MusicReadingV2App.swift */ = {isa = PBXFileReference; lastKnownFileType = sourcecode.swift; path = MusicReadingV2App.swift; sourceTree = "<group>"; };
		AE26C7AD291C3BE6008F5846 /* ContentView.swift */ = {isa = PBXFileReference; lastKnownFileType = sourcecode.swift; path = ContentView.swift; sourceTree = "<group>"; };
		AE26C7AF291C3BE6008F5846 /* Assets.xcassets */ = {isa = PBXFileReference; lastKnownFileType = folder.assetcatalog; path = Assets.xcassets; sourceTree = "<group>"; };
		AE26C7B1291C3BE6008F5846 /* MusicReadingV2.entitlements */ = {isa = PBXFileReference; lastKnownFileType = text.plist.entitlements; path = MusicReadingV2.entitlements; sourceTree = "<group>"; };
		AE26C7B3291C3BE6008F5846 /* Preview Assets.xcassets */ = {isa = PBXFileReference; lastKnownFileType = folder.assetcatalog; path = "Preview Assets.xcassets"; sourceTree = "<group>"; };
		AE26C7B9291C3BE7008F5846 /* MusicReadingV2Tests.xctest */ = {isa = PBXFileReference; explicitFileType = wrapper.cfbundle; includeInIndex = 0; path = MusicReadingV2Tests.xctest; sourceTree = BUILT_PRODUCTS_DIR; };
		AE26C7BD291C3BE7008F5846 /* MusicReadingV2Tests.swift */ = {isa = PBXFileReference; lastKnownFileType = sourcecode.swift; path = MusicReadingV2Tests.swift; sourceTree = "<group>"; };
		AE26C7C3291C3BE7008F5846 /* MusicReadingV2UITests.xctest */ = {isa = PBXFileReference; explicitFileType = wrapper.cfbundle; includeInIndex = 0; path = MusicReadingV2UITests.xctest; sourceTree = BUILT_PRODUCTS_DIR; };
		AE26C7C7291C3BE7008F5846 /* MusicReadingV2UITests.swift */ = {isa = PBXFileReference; lastKnownFileType = sourcecode.swift; path = MusicReadingV2UITests.swift; sourceTree = "<group>"; };
		AE26C7C9291C3BE7008F5846 /* MusicReadingV2UITestsLaunchTests.swift */ = {isa = PBXFileReference; lastKnownFileType = sourcecode.swift; path = MusicReadingV2UITestsLaunchTests.swift; sourceTree = "<group>"; };
/* End PBXFileReference section */

/* Begin PBXFrameworksBuildPhase section */
		AE26C7A5291C3BE6008F5846 /* Frameworks */ = {
			isa = PBXFrameworksBuildPhase;
			buildActionMask = 2147483647;
			files = (
			);
			runOnlyForDeploymentPostprocessing = 0;
		};
		AE26C7B6291C3BE7008F5846 /* Frameworks */ = {
			isa = PBXFrameworksBuildPhase;
			buildActionMask = 2147483647;
			files = (
			);
			runOnlyForDeploymentPostprocessing = 0;
		};
		AE26C7C0291C3BE7008F5846 /* Frameworks */ = {
			isa = PBXFrameworksBuildPhase;
			buildActionMask = 2147483647;
			files = (
			);
			runOnlyForDeploymentPostprocessing = 0;
		};
/* End PBXFrameworksBuildPhase section */

/* Begin PBXGroup section */
		AE26C79F291C3BE6008F5846 = {
			isa = PBXGroup;
			children = (
				AE26C7AA291C3BE6008F5846 /* MusicReadingV2 */,
				AE26C7BC291C3BE7008F5846 /* MusicReadingV2Tests */,
				AE26C7C6291C3BE7008F5846 /* MusicReadingV2UITests */,
				AE26C7A9291C3BE6008F5846 /* Products */,
			);
			sourceTree = "<group>";
		};
		AE26C7A9291C3BE6008F5846 /* Products */ = {
			isa = PBXGroup;
			children = (
				AE26C7A8291C3BE6008F5846 /* MusicReadingV2.app */,
				AE26C7B9291C3BE7008F5846 /* MusicReadingV2Tests.xctest */,
				AE26C7C3291C3BE7008F5846 /* MusicReadingV2UITests.xctest */,
			);
			name = Products;
			sourceTree = "<group>";
		};
		AE26C7AA291C3BE6008F5846 /* MusicReadingV2 */ = {
			isa = PBXGroup;
			children = (
				AE26C7AB291C3BE6008F5846 /* MusicReadingV2App.swift */,
				AE26C7AD291C3BE6008F5846 /* ContentView.swift */,
				AE26C7AF291C3BE6008F5846 /* Assets.xcassets */,
				AE26C7B1291C3BE6008F5846 /* MusicReadingV2.entitlements */,
				AE26C7B2291C3BE6008F5846 /* Preview Content */,
			);
			path = MusicReadingV2;
			sourceTree = "<group>";
		};
		AE26C7B2291C3BE6008F5846 /* Preview Content */ = {
			isa = PBXGroup;
			children = (
				AE26C7B3291C3BE6008F5846 /* Preview Assets.xcassets */,
			);
			path = "Preview Content";
			sourceTree = "<group>";
		};
		AE26C7BC291C3BE7008F5846 /* MusicReadingV2Tests */ = {
			isa = PBXGroup;
			children = (
				AE26C7BD291C3BE7008F5846 /* MusicReadingV2Tests.swift */,
			);
			path = MusicReadingV2Tests;
			sourceTree = "<group>";
		};
		AE26C7C6291C3BE7008F5846 /* MusicReadingV2UITests */ = {
			isa = PBXGroup;
			children = (
				AE26C7C7291C3BE7008F5846 /* MusicReadingV2UITests.swift */,
				AE26C7C9291C3BE7008F5846 /* MusicReadingV2UITestsLaunchTests.swift */,
			);
			path = MusicReadingV2UITests;
			sourceTree = "<group>";
		};
/* End PBXGroup section */

/* Begin PBXNativeTarget section */
		AE26C7A7291C3BE6008F5846 /* MusicReadingV2 */ = {
			isa = PBXNativeTarget;
			buildConfigurationList = AE26C7CD291C3BE7008F5846 /* Build configuration list for PBXNativeTarget "MusicReadingV2" */;
			buildPhases = (
				AE26C7A4291C3BE6008F5846 /* Sources */,
				AE26C7A5291C3BE6008F5846 /* Frameworks */,
				AE26C7A6291C3BE6008F5846 /* Resources */,
			);
			buildRules = (
			);
			dependencies = (
			);
			name = MusicReadingV2;
			productName = MusicReadingV2;
			productReference = AE26C7A8291C3BE6008F5846 /* MusicReadingV2.app */;
			productType = "com.apple.product-type.application";
		};
		AE26C7B8291C3BE7008F5846 /* MusicReadingV2Tests */ = {
			isa = PBXNativeTarget;
			buildConfigurationList = AE26C7D0291C3BE7008F5846 /* Build configuration list for PBXNativeTarget "MusicReadingV2Tests" */;
			buildPhases = (
				AE26C7B5291C3BE7008F5846 /* Sources */,
				AE26C7B6291C3BE7008F5846 /* Frameworks */,
				AE26C7B7291C3BE7008F5846 /* Resources */,
			);
			buildRules = (
			);
			dependencies = (
				AE26C7BB291C3BE7008F5846 /* PBXTargetDependency */,
			);
			name = MusicReadingV2Tests;
			productName = MusicReadingV2Tests;
			productReference = AE26C7B9291C3BE7008F5846 /* MusicReadingV2Tests.xctest */;
			productType = "com.apple.product-type.bundle.unit-test";
		};
		AE26C7C2291C3BE7008F5846 /* MusicReadingV2UITests */ = {
			isa = PBXNativeTarget;
			buildConfigurationList = AE26C7D3291C3BE7008F5846 /* Build configuration list for PBXNativeTarget "MusicReadingV2UITests" */;
			buildPhases = (
				AE26C7BF291C3BE7008F5846 /* Sources */,
				AE26C7C0291C3BE7008F5846 /* Frameworks */,
				AE26C7C1291C3BE7008F5846 /* Resources */,
			);
			buildRules = (
			);
			dependencies = (
				AE26C7C5291C3BE7008F5846 /* PBXTargetDependency */,
			);
			name = MusicReadingV2UITests;
			productName = MusicReadingV2UITests;
			productReference = AE26C7C3291C3BE7008F5846 /* MusicReadingV2UITests.xctest */;
			productType = "com.apple.product-type.bundle.ui-testing";
		};
/* End PBXNativeTarget section */

/* Begin PBXProject section */
		AE26C7A0291C3BE6008F5846 /* Project object */ = {
			isa = PBXProject;
			attributes = {
				BuildIndependentTargetsInParallel = 1;
				LastSwiftUpdateCheck = 1410;
				LastUpgradeCheck = 1410;
				TargetAttributes = {
					AE26C7A7291C3BE6008F5846 = {
						CreatedOnToolsVersion = 14.1;
					};
					AE26C7B8291C3BE7008F5846 = {
						CreatedOnToolsVersion = 14.1;
						TestTargetID = AE26C7A7291C3BE6008F5846;
					};
					AE26C7C2291C3BE7008F5846 = {
						CreatedOnToolsVersion = 14.1;
						TestTargetID = AE26C7A7291C3BE6008F5846;
					};
				};
			};
			buildConfigurationList = AE26C7A3291C3BE6008F5846 /* Build configuration list for PBXProject "MusicReadingV2" */;
			compatibilityVersion = "Xcode 14.0";
			developmentRegion = en;
			hasScannedForEncodings = 0;
			knownRegions = (
				en,
				Base,
			);
			mainGroup = AE26C79F291C3BE6008F5846;
			productRefGroup = AE26C7A9291C3BE6008F5846 /* Products */;
			projectDirPath = "";
			projectRoot = "";
			targets = (
				AE26C7A7291C3BE6008F5846 /* MusicReadingV2 */,
				AE26C7B8291C3BE7008F5846 /* MusicReadingV2Tests */,
				AE26C7C2291C3BE7008F5846 /* MusicReadingV2UITests */,
			);
		};
/* End PBXProject section */

/* Begin PBXResourcesBuildPhase section */
		AE26C7A6291C3BE6008F5846 /* Resources */ = {
			isa = PBXResourcesBuildPhase;
			buildActionMask = 2147483647;
			files = (
				AE26C7B4291C3BE6008F5846 /* Preview Assets.xcassets in Resources */,
				AE26C7B0291C3BE6008F5846 /* Assets.xcassets in Resources */,
			);
			runOnlyForDeploymentPostprocessing = 0;
		};
		AE26C7B7291C3BE7008F5846 /* Resources */ = {
			isa = PBXResourcesBuildPhase;
			buildActionMask = 2147483647;
			files = (
			);
			runOnlyForDeploymentPostprocessing = 0;
		};
		AE26C7C1291C3BE7008F5846 /* Resources */ = {
			isa = PBXResourcesBuildPhase;
			buildActionMask = 2147483647;
			files = (
			);
			runOnlyForDeploymentPostprocessing = 0;
		};
/* End PBXResourcesBuildPhase section */

/* Begin PBXSourcesBuildPhase section */
		AE26C7A4291C3BE6008F5846 /* Sources */ = {
			isa = PBXSourcesBuildPhase;
			buildActionMask = 2147483647;
			files = (
				AE26C7AE291C3BE6008F5846 /* ContentView.swift in Sources */,
				AE26C7AC291C3BE6008F5846 /* MusicReadingV2App.swift in Sources */,
			);
			runOnlyForDeploymentPostprocessing = 0;
		};
		AE26C7B5291C3BE7008F5846 /* Sources */ = {
			isa = PBXSourcesBuildPhase;
			buildActionMask = 2147483647;
			files = (
				AE26C7BE291C3BE7008F5846 /* MusicReadingV2Tests.swift in Sources */,
			);
			runOnlyForDeploymentPostprocessing = 0;
		};
		AE26C7BF291C3BE7008F5846 /* Sources */ = {
			isa = PBXSourcesBuildPhase;
			buildActionMask = 2147483647;
			files = (
				AE26C7C8291C3BE7008F5846 /* MusicReadingV2UITests.swift in Sources */,
				AE26C7CA291C3BE7008F5846 /* MusicReadingV2UITestsLaunchTests.swift in Sources */,
			);
			runOnlyForDeploymentPostprocessing = 0;
		};
/* End PBXSourcesBuildPhase section */

/* Begin PBXTargetDependency section */
		AE26C7BB291C3BE7008F5846 /* PBXTargetDependency */ = {
			isa = PBXTargetDependency;
			target = AE26C7A7291C3BE6008F5846 /* MusicReadingV2 */;
			targetProxy = AE26C7BA291C3BE7008F5846 /* PBXContainerItemProxy */;
		};
		AE26C7C5291C3BE7008F5846 /* PBXTargetDependency */ = {
			isa = PBXTargetDependency;
			target = AE26C7A7291C3BE6008F5846 /* MusicReadingV2 */;
			targetProxy = AE26C7C4291C3BE7008F5846 /* PBXContainerItemProxy */;
		};
/* End PBXTargetDependency section */

/* Begin XCBuildConfiguration section */
		AE26C7CB291C3BE7008F5846 /* Debug */ = {
			isa = XCBuildConfiguration;
			buildSettings = {
				ALWAYS_SEARCH_USER_PATHS = NO;
				CLANG_ANALYZER_NONNULL = YES;
				CLANG_ANALYZER_NUMBER_OBJECT_CONVERSION = YES_AGGRESSIVE;
				CLANG_CXX_LANGUAGE_STANDARD = "gnu++20";
				CLANG_ENABLE_MODULES = YES;
				CLANG_ENABLE_OBJC_ARC = YES;
				CLANG_ENABLE_OBJC_WEAK = YES;
				CLANG_WARN_BLOCK_CAPTURE_AUTORELEASING = YES;
				CLANG_WARN_BOOL_CONVERSION = YES;
				CLANG_WARN_COMMA = YES;
				CLANG_WARN_CONSTANT_CONVERSION = YES;
				CLANG_WARN_DEPRECATED_OBJC_IMPLEMENTATIONS = YES;
				CLANG_WARN_DIRECT_OBJC_ISA_USAGE = YES_ERROR;
				CLANG_WARN_DOCUMENTATION_COMMENTS = YES;
				CLANG_WARN_EMPTY_BODY = YES;
				CLANG_WARN_ENUM_CONVERSION = YES;
				CLANG_WARN_INFINITE_RECURSION = YES;
				CLANG_WARN_INT_CONVERSION = YES;
				CLANG_WARN_NON_LITERAL_NULL_CONVERSION = YES;
				CLANG_WARN_OBJC_IMPLICIT_RETAIN_SELF = YES;
				CLANG_WARN_OBJC_LITERAL_CONVERSION = YES;
				CLANG_WARN_OBJC_ROOT_CLASS = YES_ERROR;
				CLANG_WARN_QUOTED_INCLUDE_IN_FRAMEWORK_HEADER = YES;
				CLANG_WARN_RANGE_LOOP_ANALYSIS = YES;
				CLANG_WARN_STRICT_PROTOTYPES = YES;
				CLANG_WARN_SUSPICIOUS_MOVE = YES;
				CLANG_WARN_UNGUARDED_AVAILABILITY = YES_AGGRESSIVE;
				CLANG_WARN_UNREACHABLE_CODE = YES;
				CLANG_WARN__DUPLICATE_METHOD_MATCH = YES;
				COPY_PHASE_STRIP = NO;
				DEBUG_INFORMATION_FORMAT = dwarf;
				ENABLE_STRICT_OBJC_MSGSEND = YES;
				ENABLE_TESTABILITY = YES;
				GCC_C_LANGUAGE_STANDARD = gnu11;
				GCC_DYNAMIC_NO_PIC = NO;
				GCC_NO_COMMON_BLOCKS = YES;
				GCC_OPTIMIZATION_LEVEL = 0;
				GCC_PREPROCESSOR_DEFINITIONS = (
					"DEBUG=1",
					"$(inherited)",
				);
				GCC_WARN_64_TO_32_BIT_CONVERSION = YES;
				GCC_WARN_ABOUT_RETURN_TYPE = YES_ERROR;
				GCC_WARN_UNDECLARED_SELECTOR = YES;
				GCC_WARN_UNINITIALIZED_AUTOS = YES_AGGRESSIVE;
				GCC_WARN_UNUSED_FUNCTION = YES;
				GCC_WARN_UNUSED_VARIABLE = YES;
				MTL_ENABLE_DEBUG_INFO = INCLUDE_SOURCE;
				MTL_FAST_MATH = YES;
				ONLY_ACTIVE_ARCH = YES;
				SWIFT_ACTIVE_COMPILATION_CONDITIONS = DEBUG;
				SWIFT_OPTIMIZATION_LEVEL = "-Onone";
			};
			name = Debug;
		};
		AE26C7CC291C3BE7008F5846 /* Release */ = {
			isa = XCBuildConfiguration;
			buildSettings = {
				ALWAYS_SEARCH_USER_PATHS = NO;
				CLANG_ANALYZER_NONNULL = YES;
				CLANG_ANALYZER_NUMBER_OBJECT_CONVERSION = YES_AGGRESSIVE;
				CLANG_CXX_LANGUAGE_STANDARD = "gnu++20";
				CLANG_ENABLE_MODULES = YES;
				CLANG_ENABLE_OBJC_ARC = YES;
				CLANG_ENABLE_OBJC_WEAK = YES;
				CLANG_WARN_BLOCK_CAPTURE_AUTORELEASING = YES;
				CLANG_WARN_BOOL_CONVERSION = YES;
				CLANG_WARN_COMMA = YES;
				CLANG_WARN_CONSTANT_CONVERSION = YES;
				CLANG_WARN_DEPRECATED_OBJC_IMPLEMENTATIONS = YES;
				CLANG_WARN_DIRECT_OBJC_ISA_USAGE = YES_ERROR;
				CLANG_WARN_DOCUMENTATION_COMMENTS = YES;
				CLANG_WARN_EMPTY_BODY = YES;
				CLANG_WARN_ENUM_CONVERSION = YES;
				CLANG_WARN_INFINITE_RECURSION = YES;
				CLANG_WARN_INT_CONVERSION = YES;
				CLANG_WARN_NON_LITERAL_NULL_CONVERSION = YES;
				CLANG_WARN_OBJC_IMPLICIT_RETAIN_SELF = YES;
				CLANG_WARN_OBJC_LITERAL_CONVERSION = YES;
				CLANG_WARN_OBJC_ROOT_CLASS = YES_ERROR;
				CLANG_WARN_QUOTED_INCLUDE_IN_FRAMEWORK_HEADER = YES;
				CLANG_WARN_RANGE_LOOP_ANALYSIS = YES;
				CLANG_WARN_STRICT_PROTOTYPES = YES;
				CLANG_WARN_SUSPICIOUS_MOVE = YES;
				CLANG_WARN_UNGUARDED_AVAILABILITY = YES_AGGRESSIVE;
				CLANG_WARN_UNREACHABLE_CODE = YES;
				CLANG_WARN__DUPLICATE_METHOD_MATCH = YES;
				COPY_PHASE_STRIP = NO;
				DEBUG_INFORMATION_FORMAT = "dwarf-with-dsym";
				ENABLE_NS_ASSERTIONS = NO;
				ENABLE_STRICT_OBJC_MSGSEND = YES;
				GCC_C_LANGUAGE_STANDARD = gnu11;
				GCC_NO_COMMON_BLOCKS = YES;
				GCC_WARN_64_TO_32_BIT_CONVERSION = YES;
				GCC_WARN_ABOUT_RETURN_TYPE = YES_ERROR;
				GCC_WARN_UNDECLARED_SELECTOR = YES;
				GCC_WARN_UNINITIALIZED_AUTOS = YES_AGGRESSIVE;
				GCC_WARN_UNUSED_FUNCTION = YES;
				GCC_WARN_UNUSED_VARIABLE = YES;
				MTL_ENABLE_DEBUG_INFO = NO;
				MTL_FAST_MATH = YES;
				SWIFT_COMPILATION_MODE = wholemodule;
				SWIFT_OPTIMIZATION_LEVEL = "-O";
			};
			name = Release;
		};
		AE26C7CE291C3BE7008F5846 /* Debug */ = {
			isa = XCBuildConfiguration;
			buildSettings = {
				ASSETCATALOG_COMPILER_APPICON_NAME = AppIcon;
				ASSETCATALOG_COMPILER_GLOBAL_ACCENT_COLOR_NAME = AccentColor;
				CODE_SIGN_ENTITLEMENTS = MusicReadingV2/MusicReadingV2.entitlements;
				CODE_SIGN_STYLE = Automatic;
				CURRENT_PROJECT_VERSION = 1;
				DEVELOPMENT_ASSET_PATHS = "\"MusicReadingV2/Preview Content\"";
				DEVELOPMENT_TEAM = WQXM4FN56S;
				ENABLE_HARDENED_RUNTIME = YES;
				ENABLE_PREVIEWS = YES;
				GENERATE_INFOPLIST_FILE = YES;
				"INFOPLIST_KEY_UIApplicationSceneManifest_Generation[sdk=iphoneos*]" = YES;
				"INFOPLIST_KEY_UIApplicationSceneManifest_Generation[sdk=iphonesimulator*]" = YES;
				"INFOPLIST_KEY_UIApplicationSupportsIndirectInputEvents[sdk=iphoneos*]" = YES;
				"INFOPLIST_KEY_UIApplicationSupportsIndirectInputEvents[sdk=iphonesimulator*]" = YES;
				"INFOPLIST_KEY_UILaunchScreen_Generation[sdk=iphoneos*]" = YES;
				"INFOPLIST_KEY_UILaunchScreen_Generation[sdk=iphonesimulator*]" = YES;
				"INFOPLIST_KEY_UIStatusBarStyle[sdk=iphoneos*]" = UIStatusBarStyleDefault;
				"INFOPLIST_KEY_UIStatusBarStyle[sdk=iphonesimulator*]" = UIStatusBarStyleDefault;
				INFOPLIST_KEY_UISupportedInterfaceOrientations_iPad = "UIInterfaceOrientationPortrait UIInterfaceOrientationPortraitUpsideDown UIInterfaceOrientationLandscapeLeft UIInterfaceOrientationLandscapeRight";
				INFOPLIST_KEY_UISupportedInterfaceOrientations_iPhone = "UIInterfaceOrientationPortrait UIInterfaceOrientationLandscapeLeft UIInterfaceOrientationLandscapeRight";
				IPHONEOS_DEPLOYMENT_TARGET = 16.1;
				LD_RUNPATH_SEARCH_PATHS = "@executable_path/Frameworks";
				"LD_RUNPATH_SEARCH_PATHS[sdk=macosx*]" = "@executable_path/../Frameworks";
				MACOSX_DEPLOYMENT_TARGET = 13.0;
				MARKETING_VERSION = 1.0;
				PRODUCT_BUNDLE_IDENTIFIER = com.myCompany.MusicReadingV2;
				PRODUCT_NAME = "$(TARGET_NAME)";
				SDKROOT = auto;
				SUPPORTED_PLATFORMS = "iphoneos iphonesimulator macosx";
				SWIFT_EMIT_LOC_STRINGS = YES;
				SWIFT_VERSION = 5.0;
				TARGETED_DEVICE_FAMILY = "1,2";
			};
			name = Debug;
		};
		AE26C7CF291C3BE7008F5846 /* Release */ = {
			isa = XCBuildConfiguration;
			buildSettings = {
				ASSETCATALOG_COMPILER_APPICON_NAME = AppIcon;
				ASSETCATALOG_COMPILER_GLOBAL_ACCENT_COLOR_NAME = AccentColor;
				CODE_SIGN_ENTITLEMENTS = MusicReadingV2/MusicReadingV2.entitlements;
				CODE_SIGN_STYLE = Automatic;
				CURRENT_PROJECT_VERSION = 1;
				DEVELOPMENT_ASSET_PATHS = "\"MusicReadingV2/Preview Content\"";
				DEVELOPMENT_TEAM = WQXM4FN56S;
				ENABLE_HARDENED_RUNTIME = YES;
				ENABLE_PREVIEWS = YES;
				GENERATE_INFOPLIST_FILE = YES;
				"INFOPLIST_KEY_UIApplicationSceneManifest_Generation[sdk=iphoneos*]" = YES;
				"INFOPLIST_KEY_UIApplicationSceneManifest_Generation[sdk=iphonesimulator*]" = YES;
				"INFOPLIST_KEY_UIApplicationSupportsIndirectInputEvents[sdk=iphoneos*]" = YES;
				"INFOPLIST_KEY_UIApplicationSupportsIndirectInputEvents[sdk=iphonesimulator*]" = YES;
				"INFOPLIST_KEY_UILaunchScreen_Generation[sdk=iphoneos*]" = YES;
				"INFOPLIST_KEY_UILaunchScreen_Generation[sdk=iphonesimulator*]" = YES;
				"INFOPLIST_KEY_UIStatusBarStyle[sdk=iphoneos*]" = UIStatusBarStyleDefault;
				"INFOPLIST_KEY_UIStatusBarStyle[sdk=iphonesimulator*]" = UIStatusBarStyleDefault;
				INFOPLIST_KEY_UISupportedInterfaceOrientations_iPad = "UIInterfaceOrientationPortrait UIInterfaceOrientationPortraitUpsideDown UIInterfaceOrientationLandscapeLeft UIInterfaceOrientationLandscapeRight";
				INFOPLIST_KEY_UISupportedInterfaceOrientations_iPhone = "UIInterfaceOrientationPortrait UIInterfaceOrientationLandscapeLeft UIInterfaceOrientationLandscapeRight";
				IPHONEOS_DEPLOYMENT_TARGET = 16.1;
				LD_RUNPATH_SEARCH_PATHS = "@executable_path/Frameworks";
				"LD_RUNPATH_SEARCH_PATHS[sdk=macosx*]" = "@executable_path/../Frameworks";
				MACOSX_DEPLOYMENT_TARGET = 13.0;
				MARKETING_VERSION = 1.0;
				PRODUCT_BUNDLE_IDENTIFIER = com.myCompany.MusicReadingV2;
				PRODUCT_NAME = "$(TARGET_NAME)";
				SDKROOT = auto;
				SUPPORTED_PLATFORMS = "iphoneos iphonesimulator macosx";
				SWIFT_EMIT_LOC_STRINGS = YES;
				SWIFT_VERSION = 5.0;
				TARGETED_DEVICE_FAMILY = "1,2";
			};
			name = Release;
		};
		AE26C7D1291C3BE7008F5846 /* Debug */ = {
			isa = XCBuildConfiguration;
			buildSettings = {
				ALWAYS_EMBED_SWIFT_STANDARD_LIBRARIES = YES;
				BUNDLE_LOADER = "$(TEST_HOST)";
				CODE_SIGN_STYLE = Automatic;
				CURRENT_PROJECT_VERSION = 1;
				DEVELOPMENT_TEAM = WQXM4FN56S;
				GENERATE_INFOPLIST_FILE = YES;
				IPHONEOS_DEPLOYMENT_TARGET = 16.1;
				MACOSX_DEPLOYMENT_TARGET = 13.0;
				MARKETING_VERSION = 1.0;
				PRODUCT_BUNDLE_IDENTIFIER = com.myCompany.MusicReadingV2Tests;
				PRODUCT_NAME = "$(TARGET_NAME)";
				SDKROOT = auto;
				SUPPORTED_PLATFORMS = "iphoneos iphonesimulator macosx";
				SWIFT_EMIT_LOC_STRINGS = NO;
				SWIFT_VERSION = 5.0;
				TARGETED_DEVICE_FAMILY = "1,2";
				TEST_HOST = "$(BUILT_PRODUCTS_DIR)/MusicReadingV2.app/$(BUNDLE_EXECUTABLE_FOLDER_PATH)/MusicReadingV2";
			};
			name = Debug;
		};
		AE26C7D2291C3BE7008F5846 /* Release */ = {
			isa = XCBuildConfiguration;
			buildSettings = {
				ALWAYS_EMBED_SWIFT_STANDARD_LIBRARIES = YES;
				BUNDLE_LOADER = "$(TEST_HOST)";
				CODE_SIGN_STYLE = Automatic;
				CURRENT_PROJECT_VERSION = 1;
				DEVELOPMENT_TEAM = WQXM4FN56S;
				GENERATE_INFOPLIST_FILE = YES;
				IPHONEOS_DEPLOYMENT_TARGET = 16.1;
				MACOSX_DEPLOYMENT_TARGET = 13.0;
				MARKETING_VERSION = 1.0;
				PRODUCT_BUNDLE_IDENTIFIER = com.myCompany.MusicReadingV2Tests;
				PRODUCT_NAME = "$(TARGET_NAME)";
				SDKROOT = auto;
				SUPPORTED_PLATFORMS = "iphoneos iphonesimulator macosx";
				SWIFT_EMIT_LOC_STRINGS = NO;
				SWIFT_VERSION = 5.0;
				TARGETED_DEVICE_FAMILY = "1,2";
				TEST_HOST = "$(BUILT_PRODUCTS_DIR)/MusicReadingV2.app/$(BUNDLE_EXECUTABLE_FOLDER_PATH)/MusicReadingV2";
			};
			name = Release;
		};
		AE26C7D4291C3BE7008F5846 /* Debug */ = {
			isa = XCBuildConfiguration;
			buildSettings = {
				ALWAYS_EMBED_SWIFT_STANDARD_LIBRARIES = YES;
				CODE_SIGN_STYLE = Automatic;
				CURRENT_PROJECT_VERSION = 1;
				DEVELOPMENT_TEAM = WQXM4FN56S;
				GENERATE_INFOPLIST_FILE = YES;
				IPHONEOS_DEPLOYMENT_TARGET = 16.1;
				MACOSX_DEPLOYMENT_TARGET = 13.0;
				MARKETING_VERSION = 1.0;
				PRODUCT_BUNDLE_IDENTIFIER = com.myCompany.MusicReadingV2UITests;
				PRODUCT_NAME = "$(TARGET_NAME)";
				SDKROOT = auto;
				SUPPORTED_PLATFORMS = "iphoneos iphonesimulator macosx";
				SWIFT_EMIT_LOC_STRINGS = NO;
				SWIFT_VERSION = 5.0;
				TARGETED_DEVICE_FAMILY = "1,2";
				TEST_TARGET_NAME = MusicReadingV2;
			};
			name = Debug;
		};
		AE26C7D5291C3BE7008F5846 /* Release */ = {
			isa = XCBuildConfiguration;
			buildSettings = {
				ALWAYS_EMBED_SWIFT_STANDARD_LIBRARIES = YES;
				CODE_SIGN_STYLE = Automatic;
				CURRENT_PROJECT_VERSION = 1;
				DEVELOPMENT_TEAM = WQXM4FN56S;
				GENERATE_INFOPLIST_FILE = YES;
				IPHONEOS_DEPLOYMENT_TARGET = 16.1;
				MACOSX_DEPLOYMENT_TARGET = 13.0;
				MARKETING_VERSION = 1.0;
				PRODUCT_BUNDLE_IDENTIFIER = com.myCompany.MusicReadingV2UITests;
				PRODUCT_NAME = "$(TARGET_NAME)";
				SDKROOT = auto;
				SUPPORTED_PLATFORMS = "iphoneos iphonesimulator macosx";
				SWIFT_EMIT_LOC_STRINGS = NO;
				SWIFT_VERSION = 5.0;
				TARGETED_DEVICE_FAMILY = "1,2";
				TEST_TARGET_NAME = MusicReadingV2;
			};
			name = Release;
		};
/* End XCBuildConfiguration section */

/* Begin XCConfigurationList section */
		AE26C7A3291C3BE6008F5846 /* Build configuration list for PBXProject "MusicReadingV2" */ = {
			isa = XCConfigurationList;
			buildConfigurations = (
				AE26C7CB291C3BE7008F5846 /* Debug */,
				AE26C7CC291C3BE7008F5846 /* Release */,
			);
			defaultConfigurationIsVisible = 0;
			defaultConfigurationName = Release;
		};
		AE26C7CD291C3BE7008F5846 /* Build configuration list for PBXNativeTarget "MusicReadingV2" */ = {
			isa = XCConfigurationList;
			buildConfigurations = (
				AE26C7CE291C3BE7008F5846 /* Debug */,
				AE26C7CF291C3BE7008F5846 /* Release */,
			);
			defaultConfigurationIsVisible = 0;
			defaultConfigurationName = Release;
		};
		AE26C7D0291C3BE7008F5846 /* Build configuration list for PBXNativeTarget "MusicReadingV2Tests" */ = {
			isa = XCConfigurationList;
			buildConfigurations = (
				AE26C7D1291C3BE7008F5846 /* Debug */,
				AE26C7D2291C3BE7008F5846 /* Release */,
			);
			defaultConfigurationIsVisible = 0;
			defaultConfigurationName = Release;
		};
		AE26C7D3291C3BE7008F5846 /* Build configuration list for PBXNativeTarget "MusicReadingV2UITests" */ = {
			isa = XCConfigurationList;
			buildConfigurations = (
				AE26C7D4291C3BE7008F5846 /* Debug */,
				AE26C7D5291C3BE7008F5846 /* Release */,
			);
			defaultConfigurationIsVisible = 0;
			defaultConfigurationName = Release;
		};
/* End XCConfigurationList section */
	};
	rootObject = AE26C7A0291C3BE6008F5846 /* Project object */;
}
